
Microsoft Visual Studio Solution File, Format Version 12.00
# Visual Studio Version 17
VisualStudioVersion = 17.14.36511.14 d17.14
MinimumVisualStudioVersion = 10.0.40219.1
Project("{FAE04EC0-301F-11D3-BF4B-00C04F79EFBC}") = "ShopsApi", "ShopsApi\ShopsApi.csproj", "{13151EA1-C8C4-4E85-B18A-AC12343FEAAE}"
EndProject
Project("{2150E333-8FDC-42A3-9474-1A3956D46DE8}") = "Shops", "Shops", "{02EA681E-C7D8-13C7-8484-4AC65E1B71E8}"
EndProject
Project("{FAE04EC0-301F-11D3-BF4B-00C04F79EFBC}") = "Shops.Application", "Shops.Application\Shops.Application.csproj", "{E8DBD522-AFE8-4FF6-BB96-B93949B4BAF0}"
EndProject
Project("{FAE04EC0-301F-11D3-BF4B-00C04F79EFBC}") = "Shops.Infrastructure", "Shops.Infrastructure\Shops.Infrastructure.csproj", "{8EF7D5C5-AB4E-4D8E-AC88-9AA0C69599D4}"
EndProject
Project("{FAE04EC0-301F-11D3-BF4B-00C04F79EFBC}") = "Shops.Domain", "Shops.Domain\Shops.Domain.csproj", "{D1061F27-DCE5-4D91-A41C-277AA177A288}"
EndProject
Project("{2150E333-8FDC-42A3-9474-1A3956D46DE8}") = "Tests", "Tests", "{92EB5629-3401-4C2C-B29E-0738732B2F01}"
EndProject
Project("{FAE04EC0-301F-11D3-BF4B-00C04F79EFBC}") = "Shops.Tests", "Shops.Tests\Shops.Tests.csproj", "{7AF8819A-0FF4-4726-8207-3CA2860584F4}"
EndProject
Project("{2150E333-8FDC-42A3-9474-1A3956D46DE8}") = "Core", "Core", "{A0D01EF4-0B0E-465C-94C9-D75A2F99933C}"
EndProject
Project("{FAE04EC0-301F-11D3-BF4B-00C04F79EFBC}") = "Core", "Core\Core.csproj", "{E8C3A85B-2EAC-4851-B035-0EE83559BEB7}"
EndProject
Project("{FAE04EC0-301F-11D3-BF4B-00C04F79EFBC}") = "Auth.Infrastructure", "Authetication.Infrastructure\Auth.Infrastructure.csproj", "{E8FB562D-B303-4F53-9264-781E2B882ADA}"
EndProject
Global
	GlobalSection(SolutionConfigurationPlatforms) = preSolution
		Debug|Any CPU = Debug|Any CPU
		Release|Any CPU = Release|Any CPU
	EndGlobalSection
	GlobalSection(ProjectConfigurationPlatforms) = postSolution
		{13151EA1-C8C4-4E85-B18A-AC12343FEAAE}.Debug|Any CPU.ActiveCfg = Debug|Any CPU
		{13151EA1-C8C4-4E85-B18A-AC12343FEAAE}.Debug|Any CPU.Build.0 = Debug|Any CPU
		{13151EA1-C8C4-4E85-B18A-AC12343FEAAE}.Release|Any CPU.ActiveCfg = Release|Any CPU
		{13151EA1-C8C4-4E85-B18A-AC12343FEAAE}.Release|Any CPU.Build.0 = Release|Any CPU
		{E8DBD522-AFE8-4FF6-BB96-B93949B4BAF0}.Debug|Any CPU.ActiveCfg = Debug|Any CPU
		{E8DBD522-AFE8-4FF6-BB96-B93949B4BAF0}.Debug|Any CPU.Build.0 = Debug|Any CPU
		{E8DBD522-AFE8-4FF6-BB96-B93949B4BAF0}.Release|Any CPU.ActiveCfg = Release|Any CPU
		{E8DBD522-AFE8-4FF6-BB96-B93949B4BAF0}.Release|Any CPU.Build.0 = Release|Any CPU
		{8EF7D5C5-AB4E-4D8E-AC88-9AA0C69599D4}.Debug|Any CPU.ActiveCfg = Debug|Any CPU
		{8EF7D5C5-AB4E-4D8E-AC88-9AA0C69599D4}.Debug|Any CPU.Build.0 = Debug|Any CPU
		{8EF7D5C5-AB4E-4D8E-AC88-9AA0C69599D4}.Release|Any CPU.ActiveCfg = Release|Any CPU
		{8EF7D5C5-AB4E-4D8E-AC88-9AA0C69599D4}.Release|Any CPU.Build.0 = Release|Any CPU
		{D1061F27-DCE5-4D91-A41C-277AA177A288}.Debug|Any CPU.ActiveCfg = Debug|Any CPU
		{D1061F27-DCE5-4D91-A41C-277AA177A288}.Debug|Any CPU.Build.0 = Debug|Any CPU
		{D1061F27-DCE5-4D91-A41C-277AA177A288}.Release|Any CPU.ActiveCfg = Release|Any CPU
		{D1061F27-DCE5-4D91-A41C-277AA177A288}.Release|Any CPU.Build.0 = Release|Any CPU
		{7AF8819A-0FF4-4726-8207-3CA2860584F4}.Debug|Any CPU.ActiveCfg = Debug|Any CPU
		{7AF8819A-0FF4-4726-8207-3CA2860584F4}.Debug|Any CPU.Build.0 = Debug|Any CPU
		{7AF8819A-0FF4-4726-8207-3CA2860584F4}.Release|Any CPU.ActiveCfg = Release|Any CPU
		{7AF8819A-0FF4-4726-8207-3CA2860584F4}.Release|Any CPU.Build.0 = Release|Any CPU
		{E8C3A85B-2EAC-4851-B035-0EE83559BEB7}.Debug|Any CPU.ActiveCfg = Debug|Any CPU
		{E8C3A85B-2EAC-4851-B035-0EE83559BEB7}.Debug|Any CPU.Build.0 = Debug|Any CPU
		{E8C3A85B-2EAC-4851-B035-0EE83559BEB7}.Release|Any CPU.ActiveCfg = Release|Any CPU
		{E8C3A85B-2EAC-4851-B035-0EE83559BEB7}.Release|Any CPU.Build.0 = Release|Any CPU
		{E8FB562D-B303-4F53-9264-781E2B882ADA}.Debug|Any CPU.ActiveCfg = Debug|Any CPU
		{E8FB562D-B303-4F53-9264-781E2B882ADA}.Debug|Any CPU.Build.0 = Debug|Any CPU
		{E8FB562D-B303-4F53-9264-781E2B882ADA}.Release|Any CPU.ActiveCfg = Release|Any CPU
		{E8FB562D-B303-4F53-9264-781E2B882ADA}.Release|Any CPU.Build.0 = Release|Any CPU
	EndGlobalSection
	GlobalSection(SolutionProperties) = preSolution
		HideSolutionNode = FALSE
	EndGlobalSection
	GlobalSection(NestedProjects) = preSolution
		{13151EA1-C8C4-4E85-B18A-AC12343FEAAE} = {02EA681E-C7D8-13C7-8484-4AC65E1B71E8}
		{E8DBD522-AFE8-4FF6-BB96-B93949B4BAF0} = {02EA681E-C7D8-13C7-8484-4AC65E1B71E8}
		{8EF7D5C5-AB4E-4D8E-AC88-9AA0C69599D4} = {02EA681E-C7D8-13C7-8484-4AC65E1B71E8}
		{D1061F27-DCE5-4D91-A41C-277AA177A288} = {02EA681E-C7D8-13C7-8484-4AC65E1B71E8}
		{92EB5629-3401-4C2C-B29E-0738732B2F01} = {02EA681E-C7D8-13C7-8484-4AC65E1B71E8}
		{7AF8819A-0FF4-4726-8207-3CA2860584F4} = {92EB5629-3401-4C2C-B29E-0738732B2F01}
		{E8C3A85B-2EAC-4851-B035-0EE83559BEB7} = {A0D01EF4-0B0E-465C-94C9-D75A2F99933C}
		{E8FB562D-B303-4F53-9264-781E2B882ADA} = {A0D01EF4-0B0E-465C-94C9-D75A2F99933C}
	EndGlobalSection
	GlobalSection(ExtensibilityGlobals) = postSolution
		SolutionGuid = {0C18F2F8-A971-445F-A17E-310E036209EB}
	EndGlobalSection
EndGlobal
